# THIS IS AN AUTOGENERATED FILE. DO NOT EDIT THIS FILE DIRECTLY.
# yarn lockfile v1


"@types/mithril@^1.1.10":
  version "1.1.17"
  resolved "https://registry.yarnpkg.com/@types/mithril/-/mithril-1.1.17.tgz#1a5dde2a653ef6011cd36ef70eefe6bac0cb92e4"
  integrity sha512-U/wwKZT8hjstY2Q470bLMGVh/fjT2+SgBMzIILn0Z4nmgzzG6j+n18UOAxQ63aI8vXIOkQsbkAdbESt8+jIQdQ==

"@types/reflect-metadata@0.0.5":
  version "0.0.5"
  resolved "https://registry.yarnpkg.com/@types/reflect-metadata/-/reflect-metadata-0.0.5.tgz#9c042bfa9803d577aad4f57dfbca4b7cae4286fe"
  integrity sha512-+tH+0HWHs23S4h0dl0zG8ZXIo6O9YHWOtqcOWFcBSSFS93LqIi3xfv7XXQ0eABYxXBFQxKJR49xunLNnU5he9g==

mithril@^1.1.5:
  version "1.1.7"
  resolved "https://registry.yarnpkg.com/mithril/-/mithril-1.1.7.tgz#505d7d77fe164ff16969de8f9b6eda42e0346cbe"
  integrity sha512-1SAkGeVrIVvkUHlPHvR3pXdWzNfTzmS/fBAe+rC2ApEBfZFFc+idi8Qg/M5JoW/sZkIDXSfQYVgvENMIhBIVAg==

pyrite@^3.5.0:
  version "3.5.0"
  resolved "https://registry.yarnpkg.com/pyrite/-/pyrite-3.5.0.tgz#97ef01b2be0a6dd6a04083b35ba35e0b886f5c47"
  integrity sha512-4diIWWvLFL9bFuP0I2NXO+hv5yGt6GvF1W81mhixuBKLVJMzkV+IniWXX05p0cwkk6YhAM9UT5+LKMV9xLpvpQ==
  dependencies:
    "@types/mithril" "^1.1.10"
    "@types/reflect-metadata" "0.0.5"
    mithril "^1.1.5"
    reflect-metadata "^0.1.10"

reflect-metadata@^0.1.10:
  version "0.1.13"
  resolved "https://registry.yarnpkg.com/reflect-metadata/-/reflect-metadata-0.1.13.tgz#67ae3ca57c972a2aa1642b10fe363fe32d49dc08"
  integrity sha512-Ts1Y/anZELhSsjMcU605fU9RE4Oi3p5ORujwbIKXfWa+0Zxs510Qrmrce5/Jowq3cHSZSJqBjypxmHarc+vEWg==

typescript@^4.8.3:
  version "4.8.3"
  resolved "https://registry.yarnpkg.com/typescript/-/typescript-4.8.3.tgz#d59344522c4bc464a65a730ac695007fdb66dd88"
  integrity sha512-goMHfm00nWPa8UvR/CPSvykqf6dVV8x/dp0c5mFTMTIu0u0FlGWRioyy7Nn0PGAdHxpJZnuO/ut+PpQ8UiHAig==
