# THIS IS AN AUTOGENERATED FILE. DO NOT EDIT THIS FILE DIRECTLY.
# yarn lockfile v1


"@jakeburch/pyrite@^0.1.2":
  version "0.1.2"
  resolved "https://registry.yarnpkg.com/@jakeburch/pyrite/-/pyrite-0.1.2.tgz#a6810192d9c330dc97d4571ed7614e4bbba84841"
  integrity sha512-gx4Jng1S9jbsT7jH9K7QyxqAFrpgriNKPB1Rozw8gK5skgeY5vHftEFP88A5k/nj6Aqa3Lf7MDRmD6JZbzd1PA==
